
Microsoft Visual Studio Solution File, Format Version 12.00
# Visual Studio Version 16
VisualStudioVersion = 16.0.33927.289
MinimumVisualStudioVersion = 10.0.40219.1
Project("{2150E333-8FDC-42A3-9474-1A3956D46DE8}") = "Task0", "Task0", "{5EC81218-2F8A-47E8-A7DE-F9F15EF80C21}"
EndProject
Project("{FAE04EC0-301F-11D3-BF4B-00C04F79EFBC}") = "Tyuiu.BakhtiyarovDR.Sprint1.Task0.V2", "Tyuiu.BakhtiyarovDR.Sprint1.Task0.V0\Tyuiu.BakhtiyarovDR.Sprint1.Task0.V2.csproj", "{9A799F72-B0F3-440B-B749-CE4F6560657E}"
EndProject
Project("{FAE04EC0-301F-11D3-BF4B-00C04F79EFBC}") = "Tyuiu.BakhtiyarovDR.Sprint1.Task0.V2.Lib", "Tyuiu.BakhtiyarovDR.Sprint1.Task0.V0.Lib\Tyuiu.BakhtiyarovDR.Sprint1.Task0.V2.Lib.csproj", "{F1B0619D-373A-4D41-B418-D195EE12D13E}"
EndProject
Project("{FAE04EC0-301F-11D3-BF4B-00C04F79EFBC}") = "Tyuiu.BakhtiyarovDR.Sprint1.Task0.V2.Test", "Tyuiu.BakhtiyarovDR.Sprint1.Task0.V0.Test\Tyuiu.BakhtiyarovDR.Sprint1.Task0.V2.Test.csproj", "{7B800D7B-28FD-4504-AE8F-665415E34D63}"
EndProject
Project("{2150E333-8FDC-42A3-9474-1A3956D46DE8}") = "Task1", "Task1", "{850C1841-9259-4B2D-A8C6-703DCB7F3AD5}"
EndProject
Project("{FAE04EC0-301F-11D3-BF4B-00C04F79EFBC}") = "Tyuiu.BakhtiyarovDR.Sprint1.Task1.V9", "Tyuiu.BakhtiyarovDR.Sprint1.Task1.V9\Tyuiu.BakhtiyarovDR.Sprint1.Task1.V9.csproj", "{FFEFBF35-B9BA-4789-802E-8FEA2E6A5BF9}"
EndProject
Project("{FAE04EC0-301F-11D3-BF4B-00C04F79EFBC}") = "Tyuiu.BakhtiyarovDR.Sprint1.Task1.V9.Lib", "Tyuiu.BakhtiyarovDR.Sprint1.Task1.V9.Lib\Tyuiu.BakhtiyarovDR.Sprint1.Task1.V9.Lib.csproj", "{B611AB03-67AD-4191-BAEA-FBB2C2E2E2D0}"
EndProject
Project("{FAE04EC0-301F-11D3-BF4B-00C04F79EFBC}") = "Tyuiu.BakhtiyarovDR.Sprint1.Task1.V9.Test", "Tyuiu.BakhtiyarovDR.Sprint1.Task1.V9.Test\Tyuiu.BakhtiyarovDR.Sprint1.Task1.V9.Test.csproj", "{C315E8AD-BB66-4517-A890-E2C265A85E4A}"
EndProject
Project("{2150E333-8FDC-42A3-9474-1A3956D46DE8}") = "Task2", "Task2", "{2C68011F-11EF-4518-B60B-23CC24E8D42B}"
EndProject
Project("{FAE04EC0-301F-11D3-BF4B-00C04F79EFBC}") = "Tyuiu.BakhtiyarovDR.Sprint1.Task2.V26", "Tyuiu.BakhtiyarovDR.Sprint1.Task2.V26\Tyuiu.BakhtiyarovDR.Sprint1.Task2.V26.csproj", "{4D28F021-2DED-444A-99EC-797415100BC6}"
EndProject
Project("{FAE04EC0-301F-11D3-BF4B-00C04F79EFBC}") = "Tyuiu.BakhtiyarovDR.Sprint1.Task2.V26.Lib", "Tyuiu.BakhtiyarovDR.Sprint1.Task2.V26.Lib\Tyuiu.BakhtiyarovDR.Sprint1.Task2.V26.Lib.csproj", "{EA93E0DE-CC48-42C6-9DB4-603C4BBB143D}"
EndProject
Project("{FAE04EC0-301F-11D3-BF4B-00C04F79EFBC}") = "Tyuiu.BakhtiyarovDR.Sprint1.Task2.V26.Test", "Tyuiu.BakhtiyarovDR.Sprint1.Task2.V26.Test\Tyuiu.BakhtiyarovDR.Sprint1.Task2.V26.Test.csproj", "{D1A40DC8-D61D-4B89-9B1E-1C1B9D196FEB}"
EndProject
Project("{2150E333-8FDC-42A3-9474-1A3956D46DE8}") = "Task3", "Task3", "{BDE3317D-05FB-4AC0-ADD5-A0D91FDA88C8}"
EndProject
Project("{FAE04EC0-301F-11D3-BF4B-00C04F79EFBC}") = "Tyuiu.BakhtiyarovDR.Sprint1.Task3.V15", "Tyuiu.BakhtiyarovDR.Sprint1.Task3.V15\Tyuiu.BakhtiyarovDR.Sprint1.Task3.V15.csproj", "{B3698487-6D3C-4F8E-8549-0E12545817D5}"
EndProject
Project("{FAE04EC0-301F-11D3-BF4B-00C04F79EFBC}") = "Tyuiu.BakhtiyarovDR.Sprint1.Task3.V15.Lib", "Tyuiu.BakhtiyarovDR.Sprint1.Task3.V15.Lib\Tyuiu.BakhtiyarovDR.Sprint1.Task3.V15.Lib.csproj", "{CEB6ED16-190C-4F0B-9945-5FF161AD8BFC}"
EndProject
Project("{FAE04EC0-301F-11D3-BF4B-00C04F79EFBC}") = "Tyuiu.BakhtiyarovDR.Sprint1.Task3.V15.Test", "Tyuiu.BakhtiyarovDR.Sprint1.Task3.V15.Test\Tyuiu.BakhtiyarovDR.Sprint1.Task3.V15.Test.csproj", "{A01C8416-CA6B-40F0-828A-BE3CB36C7453}"
EndProject
Project("{2150E333-8FDC-42A3-9474-1A3956D46DE8}") = "Task4", "Task4", "{7102AB5B-FF61-45EA-9182-07D612BE9B2D}"
EndProject
Project("{FAE04EC0-301F-11D3-BF4B-00C04F79EFBC}") = "Tyuiu.BakhtiyarovDR.Sprint1.Task4.V5", "Tyuiu.BakhtiyarovDR.Sprint1.Task4.V5\Tyuiu.BakhtiyarovDR.Sprint1.Task4.V5.csproj", "{8882DBCF-5249-4F59-958E-5FA516A326FC}"
EndProject
Project("{FAE04EC0-301F-11D3-BF4B-00C04F79EFBC}") = "Tyuiu.BakhtiyarovDR.Sprint1.Task4.V5.Lib", "Tyuiu.BakhtiyarovDR.Sprint1.Task4.V5.Lib\Tyuiu.BakhtiyarovDR.Sprint1.Task4.V5.Lib.csproj", "{88255064-E126-4C23-A462-BDA0D10B3EAB}"
EndProject
Project("{FAE04EC0-301F-11D3-BF4B-00C04F79EFBC}") = "Tyuiu.BakhtiyarovDR.Sprint1.Task4.V5.Test", "Tyuiu.BakhtiyarovDR.Sprint1.Task4.V5.Test\Tyuiu.BakhtiyarovDR.Sprint1.Task4.V5.Test.csproj", "{EB8D34B3-75A0-4BA8-9BD5-F0C803E515B9}"
EndProject
Project("{2150E333-8FDC-42A3-9474-1A3956D46DE8}") = "Task5", "Task5", "{24A299C0-B72F-4EC7-A949-0A18BA62BF84}"
EndProject
Project("{FAE04EC0-301F-11D3-BF4B-00C04F79EFBC}") = "Tyuiu.BakhtiyarovDR.Sprint1.Task5.V4", "Tyuiu.BakhtiyarovDR.Sprint1.Task5.V4\Tyuiu.BakhtiyarovDR.Sprint1.Task5.V4.csproj", "{A6F6007F-7C6C-4A04-A52D-66EB2AB06882}"
EndProject
Project("{FAE04EC0-301F-11D3-BF4B-00C04F79EFBC}") = "Tyuiu.BakhtiyarovDR.Sprint1.Task5.V4.Lib", "Tyuiu.BakhtiyarovDR.Sprint1.Task5.V4.Lib\Tyuiu.BakhtiyarovDR.Sprint1.Task5.V4.Lib.csproj", "{D488893E-5658-466E-83E3-86E00E35E112}"
EndProject
Project("{FAE04EC0-301F-11D3-BF4B-00C04F79EFBC}") = "Tyuiu.BakhtiyarovDR.Sprint1.Task5.V4.Test", "Tyuiu.BakhtiyarovDR.Sprint1.Task5.V4.Test\Tyuiu.BakhtiyarovDR.Sprint1.Task5.V4.Test.csproj", "{3C306ED2-56C0-43AF-8B6D-EED9C857871A}"
EndProject
Global
	GlobalSection(SolutionConfigurationPlatforms) = preSolution
		Debug|Any CPU = Debug|Any CPU
		Release|Any CPU = Release|Any CPU
	EndGlobalSection
	GlobalSection(ProjectConfigurationPlatforms) = postSolution
		{9A799F72-B0F3-440B-B749-CE4F6560657E}.Debug|Any CPU.ActiveCfg = Debug|Any CPU
		{9A799F72-B0F3-440B-B749-CE4F6560657E}.Debug|Any CPU.Build.0 = Debug|Any CPU
		{9A799F72-B0F3-440B-B749-CE4F6560657E}.Release|Any CPU.ActiveCfg = Release|Any CPU
		{9A799F72-B0F3-440B-B749-CE4F6560657E}.Release|Any CPU.Build.0 = Release|Any CPU
		{F1B0619D-373A-4D41-B418-D195EE12D13E}.Debug|Any CPU.ActiveCfg = Debug|Any CPU
		{F1B0619D-373A-4D41-B418-D195EE12D13E}.Debug|Any CPU.Build.0 = Debug|Any CPU
		{F1B0619D-373A-4D41-B418-D195EE12D13E}.Release|Any CPU.ActiveCfg = Release|Any CPU
		{F1B0619D-373A-4D41-B418-D195EE12D13E}.Release|Any CPU.Build.0 = Release|Any CPU
		{7B800D7B-28FD-4504-AE8F-665415E34D63}.Debug|Any CPU.ActiveCfg = Debug|Any CPU
		{7B800D7B-28FD-4504-AE8F-665415E34D63}.Debug|Any CPU.Build.0 = Debug|Any CPU
		{7B800D7B-28FD-4504-AE8F-665415E34D63}.Release|Any CPU.ActiveCfg = Release|Any CPU
		{7B800D7B-28FD-4504-AE8F-665415E34D63}.Release|Any CPU.Build.0 = Release|Any CPU
		{FFEFBF35-B9BA-4789-802E-8FEA2E6A5BF9}.Debug|Any CPU.ActiveCfg = Debug|Any CPU
		{FFEFBF35-B9BA-4789-802E-8FEA2E6A5BF9}.Debug|Any CPU.Build.0 = Debug|Any CPU
		{FFEFBF35-B9BA-4789-802E-8FEA2E6A5BF9}.Release|Any CPU.ActiveCfg = Release|Any CPU
		{FFEFBF35-B9BA-4789-802E-8FEA2E6A5BF9}.Release|Any CPU.Build.0 = Release|Any CPU
		{B611AB03-67AD-4191-BAEA-FBB2C2E2E2D0}.Debug|Any CPU.ActiveCfg = Debug|Any CPU
		{B611AB03-67AD-4191-BAEA-FBB2C2E2E2D0}.Debug|Any CPU.Build.0 = Debug|Any CPU
		{B611AB03-67AD-4191-BAEA-FBB2C2E2E2D0}.Release|Any CPU.ActiveCfg = Release|Any CPU
		{B611AB03-67AD-4191-BAEA-FBB2C2E2E2D0}.Release|Any CPU.Build.0 = Release|Any CPU
		{C315E8AD-BB66-4517-A890-E2C265A85E4A}.Debug|Any CPU.ActiveCfg = Debug|Any CPU
		{C315E8AD-BB66-4517-A890-E2C265A85E4A}.Debug|Any CPU.Build.0 = Debug|Any CPU
		{C315E8AD-BB66-4517-A890-E2C265A85E4A}.Release|Any CPU.ActiveCfg = Release|Any CPU
		{C315E8AD-BB66-4517-A890-E2C265A85E4A}.Release|Any CPU.Build.0 = Release|Any CPU
		{4D28F021-2DED-444A-99EC-797415100BC6}.Debug|Any CPU.ActiveCfg = Debug|Any CPU
		{4D28F021-2DED-444A-99EC-797415100BC6}.Debug|Any CPU.Build.0 = Debug|Any CPU
		{4D28F021-2DED-444A-99EC-797415100BC6}.Release|Any CPU.ActiveCfg = Release|Any CPU
		{4D28F021-2DED-444A-99EC-797415100BC6}.Release|Any CPU.Build.0 = Release|Any CPU
		{EA93E0DE-CC48-42C6-9DB4-603C4BBB143D}.Debug|Any CPU.ActiveCfg = Debug|Any CPU
		{EA93E0DE-CC48-42C6-9DB4-603C4BBB143D}.Debug|Any CPU.Build.0 = Debug|Any CPU
		{EA93E0DE-CC48-42C6-9DB4-603C4BBB143D}.Release|Any CPU.ActiveCfg = Release|Any CPU
		{EA93E0DE-CC48-42C6-9DB4-603C4BBB143D}.Release|Any CPU.Build.0 = Release|Any CPU
		{D1A40DC8-D61D-4B89-9B1E-1C1B9D196FEB}.Debug|Any CPU.ActiveCfg = Debug|Any CPU
		{D1A40DC8-D61D-4B89-9B1E-1C1B9D196FEB}.Debug|Any CPU.Build.0 = Debug|Any CPU
		{D1A40DC8-D61D-4B89-9B1E-1C1B9D196FEB}.Release|Any CPU.ActiveCfg = Release|Any CPU
		{D1A40DC8-D61D-4B89-9B1E-1C1B9D196FEB}.Release|Any CPU.Build.0 = Release|Any CPU
		{B3698487-6D3C-4F8E-8549-0E12545817D5}.Debug|Any CPU.ActiveCfg = Debug|Any CPU
		{B3698487-6D3C-4F8E-8549-0E12545817D5}.Debug|Any CPU.Build.0 = Debug|Any CPU
		{B3698487-6D3C-4F8E-8549-0E12545817D5}.Release|Any CPU.ActiveCfg = Release|Any CPU
		{B3698487-6D3C-4F8E-8549-0E12545817D5}.Release|Any CPU.Build.0 = Release|Any CPU
		{CEB6ED16-190C-4F0B-9945-5FF161AD8BFC}.Debug|Any CPU.ActiveCfg = Debug|Any CPU
		{CEB6ED16-190C-4F0B-9945-5FF161AD8BFC}.Debug|Any CPU.Build.0 = Debug|Any CPU
		{CEB6ED16-190C-4F0B-9945-5FF161AD8BFC}.Release|Any CPU.ActiveCfg = Release|Any CPU
		{CEB6ED16-190C-4F0B-9945-5FF161AD8BFC}.Release|Any CPU.Build.0 = Release|Any CPU
		{A01C8416-CA6B-40F0-828A-BE3CB36C7453}.Debug|Any CPU.ActiveCfg = Debug|Any CPU
		{A01C8416-CA6B-40F0-828A-BE3CB36C7453}.Debug|Any CPU.Build.0 = Debug|Any CPU
		{A01C8416-CA6B-40F0-828A-BE3CB36C7453}.Release|Any CPU.ActiveCfg = Release|Any CPU
		{A01C8416-CA6B-40F0-828A-BE3CB36C7453}.Release|Any CPU.Build.0 = Release|Any CPU
		{8882DBCF-5249-4F59-958E-5FA516A326FC}.Debug|Any CPU.ActiveCfg = Debug|Any CPU
		{8882DBCF-5249-4F59-958E-5FA516A326FC}.Debug|Any CPU.Build.0 = Debug|Any CPU
		{8882DBCF-5249-4F59-958E-5FA516A326FC}.Release|Any CPU.ActiveCfg = Release|Any CPU
		{8882DBCF-5249-4F59-958E-5FA516A326FC}.Release|Any CPU.Build.0 = Release|Any CPU
		{88255064-E126-4C23-A462-BDA0D10B3EAB}.Debug|Any CPU.ActiveCfg = Debug|Any CPU
		{88255064-E126-4C23-A462-BDA0D10B3EAB}.Debug|Any CPU.Build.0 = Debug|Any CPU
		{88255064-E126-4C23-A462-BDA0D10B3EAB}.Release|Any CPU.ActiveCfg = Release|Any CPU
		{88255064-E126-4C23-A462-BDA0D10B3EAB}.Release|Any CPU.Build.0 = Release|Any CPU
		{EB8D34B3-75A0-4BA8-9BD5-F0C803E515B9}.Debug|Any CPU.ActiveCfg = Debug|Any CPU
		{EB8D34B3-75A0-4BA8-9BD5-F0C803E515B9}.Debug|Any CPU.Build.0 = Debug|Any CPU
		{EB8D34B3-75A0-4BA8-9BD5-F0C803E515B9}.Release|Any CPU.ActiveCfg = Release|Any CPU
		{EB8D34B3-75A0-4BA8-9BD5-F0C803E515B9}.Release|Any CPU.Build.0 = Release|Any CPU
		{A6F6007F-7C6C-4A04-A52D-66EB2AB06882}.Debug|Any CPU.ActiveCfg = Debug|Any CPU
		{A6F6007F-7C6C-4A04-A52D-66EB2AB06882}.Debug|Any CPU.Build.0 = Debug|Any CPU
		{A6F6007F-7C6C-4A04-A52D-66EB2AB06882}.Release|Any CPU.ActiveCfg = Release|Any CPU
		{A6F6007F-7C6C-4A04-A52D-66EB2AB06882}.Release|Any CPU.Build.0 = Release|Any CPU
		{D488893E-5658-466E-83E3-86E00E35E112}.Debug|Any CPU.ActiveCfg = Debug|Any CPU
		{D488893E-5658-466E-83E3-86E00E35E112}.Debug|Any CPU.Build.0 = Debug|Any CPU
		{D488893E-5658-466E-83E3-86E00E35E112}.Release|Any CPU.ActiveCfg = Release|Any CPU
		{D488893E-5658-466E-83E3-86E00E35E112}.Release|Any CPU.Build.0 = Release|Any CPU
		{3C306ED2-56C0-43AF-8B6D-EED9C857871A}.Debug|Any CPU.ActiveCfg = Debug|Any CPU
		{3C306ED2-56C0-43AF-8B6D-EED9C857871A}.Debug|Any CPU.Build.0 = Debug|Any CPU
		{3C306ED2-56C0-43AF-8B6D-EED9C857871A}.Release|Any CPU.ActiveCfg = Release|Any CPU
		{3C306ED2-56C0-43AF-8B6D-EED9C857871A}.Release|Any CPU.Build.0 = Release|Any CPU
	EndGlobalSection
	GlobalSection(SolutionProperties) = preSolution
		HideSolutionNode = FALSE
	EndGlobalSection
	GlobalSection(NestedProjects) = preSolution
		{9A799F72-B0F3-440B-B749-CE4F6560657E} = {5EC81218-2F8A-47E8-A7DE-F9F15EF80C21}
		{F1B0619D-373A-4D41-B418-D195EE12D13E} = {5EC81218-2F8A-47E8-A7DE-F9F15EF80C21}
		{7B800D7B-28FD-4504-AE8F-665415E34D63} = {5EC81218-2F8A-47E8-A7DE-F9F15EF80C21}
		{FFEFBF35-B9BA-4789-802E-8FEA2E6A5BF9} = {850C1841-9259-4B2D-A8C6-703DCB7F3AD5}
		{B611AB03-67AD-4191-BAEA-FBB2C2E2E2D0} = {850C1841-9259-4B2D-A8C6-703DCB7F3AD5}
		{C315E8AD-BB66-4517-A890-E2C265A85E4A} = {850C1841-9259-4B2D-A8C6-703DCB7F3AD5}
		{4D28F021-2DED-444A-99EC-797415100BC6} = {2C68011F-11EF-4518-B60B-23CC24E8D42B}
		{EA93E0DE-CC48-42C6-9DB4-603C4BBB143D} = {2C68011F-11EF-4518-B60B-23CC24E8D42B}
		{D1A40DC8-D61D-4B89-9B1E-1C1B9D196FEB} = {2C68011F-11EF-4518-B60B-23CC24E8D42B}
		{B3698487-6D3C-4F8E-8549-0E12545817D5} = {BDE3317D-05FB-4AC0-ADD5-A0D91FDA88C8}
		{CEB6ED16-190C-4F0B-9945-5FF161AD8BFC} = {BDE3317D-05FB-4AC0-ADD5-A0D91FDA88C8}
		{A01C8416-CA6B-40F0-828A-BE3CB36C7453} = {BDE3317D-05FB-4AC0-ADD5-A0D91FDA88C8}
		{8882DBCF-5249-4F59-958E-5FA516A326FC} = {7102AB5B-FF61-45EA-9182-07D612BE9B2D}
		{88255064-E126-4C23-A462-BDA0D10B3EAB} = {7102AB5B-FF61-45EA-9182-07D612BE9B2D}
		{EB8D34B3-75A0-4BA8-9BD5-F0C803E515B9} = {7102AB5B-FF61-45EA-9182-07D612BE9B2D}
		{A6F6007F-7C6C-4A04-A52D-66EB2AB06882} = {24A299C0-B72F-4EC7-A949-0A18BA62BF84}
		{D488893E-5658-466E-83E3-86E00E35E112} = {24A299C0-B72F-4EC7-A949-0A18BA62BF84}
		{3C306ED2-56C0-43AF-8B6D-EED9C857871A} = {24A299C0-B72F-4EC7-A949-0A18BA62BF84}
	EndGlobalSection
	GlobalSection(ExtensibilityGlobals) = postSolution
		SolutionGuid = {23BE2C78-FDFA-4426-A2BF-25C60772E555}
	EndGlobalSection
EndGlobal
